
Microsoft Visual Studio Solution File, Format Version 12.00
# Visual Studio Version 17
VisualStudioVersion = 17.7.34024.191
MinimumVisualStudioVersion = 10.0.40219.1
Project("{9A19103F-16F7-4668-BE54-9A1E7A4F7556}") = "Gauss.TccUnifaat.MVC", "Gauss.TccUnifaat.MVC\Gauss.TccUnifaat.MVC.csproj", "{7FB4629B-D2C4-41B6-9A2D-456747360FB6}"
EndProject
Project("{9A19103F-16F7-4668-BE54-9A1E7A4F7556}") = "Gauss.TccUnifaat.API", "Gauss.TccUnifaat.API\Gauss.TccUnifaat.API.csproj", "{BD7BE091-BC8A-4CDD-9971-E638186066EF}"
EndProject
Project("{9A19103F-16F7-4668-BE54-9A1E7A4F7556}") = "Gauss.TccUnifaat.Common", "Gauss.TccUnifaat.Common\Gauss.TccUnifaat.Common.csproj", "{D21109D0-4418-4FF2-9AEC-97C7AD839E1A}"
EndProject
Project("{E53339B2-1760-4266-BCC7-CA923CBCF16C}") = "docker-compose", "docker-compose.dcproj", "{A7EA3FC0-F2B7-4971-817C-B5C3A296077C}"
EndProject
Global
	GlobalSection(SolutionConfigurationPlatforms) = preSolution
		Debug|Any CPU = Debug|Any CPU
		Release|Any CPU = Release|Any CPU
	EndGlobalSection
	GlobalSection(ProjectConfigurationPlatforms) = postSolution
		{7FB4629B-D2C4-41B6-9A2D-456747360FB6}.Debug|Any CPU.ActiveCfg = Debug|Any CPU
		{7FB4629B-D2C4-41B6-9A2D-456747360FB6}.Debug|Any CPU.Build.0 = Debug|Any CPU
		{7FB4629B-D2C4-41B6-9A2D-456747360FB6}.Release|Any CPU.ActiveCfg = Release|Any CPU
		{7FB4629B-D2C4-41B6-9A2D-456747360FB6}.Release|Any CPU.Build.0 = Release|Any CPU
		{BD7BE091-BC8A-4CDD-9971-E638186066EF}.Debug|Any CPU.ActiveCfg = Debug|Any CPU
		{BD7BE091-BC8A-4CDD-9971-E638186066EF}.Debug|Any CPU.Build.0 = Debug|Any CPU
		{BD7BE091-BC8A-4CDD-9971-E638186066EF}.Release|Any CPU.ActiveCfg = Release|Any CPU
		{BD7BE091-BC8A-4CDD-9971-E638186066EF}.Release|Any CPU.Build.0 = Release|Any CPU
		{D21109D0-4418-4FF2-9AEC-97C7AD839E1A}.Debug|Any CPU.ActiveCfg = Debug|Any CPU
		{D21109D0-4418-4FF2-9AEC-97C7AD839E1A}.Debug|Any CPU.Build.0 = Debug|Any CPU
		{D21109D0-4418-4FF2-9AEC-97C7AD839E1A}.Release|Any CPU.ActiveCfg = Release|Any CPU
		{D21109D0-4418-4FF2-9AEC-97C7AD839E1A}.Release|Any CPU.Build.0 = Release|Any CPU
		{A7EA3FC0-F2B7-4971-817C-B5C3A296077C}.Debug|Any CPU.ActiveCfg = Debug|Any CPU
		{A7EA3FC0-F2B7-4971-817C-B5C3A296077C}.Debug|Any CPU.Build.0 = Debug|Any CPU
		{A7EA3FC0-F2B7-4971-817C-B5C3A296077C}.Release|Any CPU.ActiveCfg = Release|Any CPU
		{A7EA3FC0-F2B7-4971-817C-B5C3A296077C}.Release|Any CPU.Build.0 = Release|Any CPU
	EndGlobalSection
	GlobalSection(SolutionProperties) = preSolution
		HideSolutionNode = FALSE
	EndGlobalSection
	GlobalSection(ExtensibilityGlobals) = postSolution
		SolutionGuid = {2577CE6D-B3CA-4EA9-9F90-B6BD08741DD1}
	EndGlobalSection
EndGlobal
